
Microsoft Visual Studio Solution File, Format Version 12.00
# Visual Studio Version 16
VisualStudioVersion = 16.0.31911.196
MinimumVisualStudioVersion = 10.0.40219.1
Project("{FAE04EC0-301F-11D3-BF4B-00C04F79EFBC}") = "KsiazkaKontaktowa.Android", "KsiazkaKontaktowa\KsiazkaKontaktowa.Android\KsiazkaKontaktowa.Android.csproj", "{D5820D5E-B9E1-488B-81FF-9C374EDFC4FE}"
EndProject
Project("{9A19103F-16F7-4668-BE54-9A1E7A4F7556}") = "KsiazkaKontaktowa", "KsiazkaKontaktowa\KsiazkaKontaktowa\KsiazkaKontaktowa.csproj", "{1FFF186C-E6CA-4E57-8DBE-8EF633A58782}"
EndProject
Global
	GlobalSection(SolutionConfigurationPlatforms) = preSolution
		Debug|Any CPU = Debug|Any CPU
		Release|Any CPU = Release|Any CPU
	EndGlobalSection
	GlobalSection(ProjectConfigurationPlatforms) = postSolution
		{D5820D5E-B9E1-488B-81FF-9C374EDFC4FE}.Debug|Any CPU.ActiveCfg = Debug|Any CPU
		{D5820D5E-B9E1-488B-81FF-9C374EDFC4FE}.Debug|Any CPU.Build.0 = Debug|Any CPU
		{D5820D5E-B9E1-488B-81FF-9C374EDFC4FE}.Debug|Any CPU.Deploy.0 = Debug|Any CPU
		{D5820D5E-B9E1-488B-81FF-9C374EDFC4FE}.Release|Any CPU.ActiveCfg = Release|Any CPU
		{D5820D5E-B9E1-488B-81FF-9C374EDFC4FE}.Release|Any CPU.Build.0 = Release|Any CPU
		{D5820D5E-B9E1-488B-81FF-9C374EDFC4FE}.Release|Any CPU.Deploy.0 = Release|Any CPU
		{1FFF186C-E6CA-4E57-8DBE-8EF633A58782}.Debug|Any CPU.ActiveCfg = Debug|Any CPU
		{1FFF186C-E6CA-4E57-8DBE-8EF633A58782}.Debug|Any CPU.Build.0 = Debug|Any CPU
		{1FFF186C-E6CA-4E57-8DBE-8EF633A58782}.Release|Any CPU.ActiveCfg = Release|Any CPU
		{1FFF186C-E6CA-4E57-8DBE-8EF633A58782}.Release|Any CPU.Build.0 = Release|Any CPU
	EndGlobalSection
	GlobalSection(SolutionProperties) = preSolution
		HideSolutionNode = FALSE
	EndGlobalSection
	GlobalSection(ExtensibilityGlobals) = postSolution
		SolutionGuid = {181124A0-1B7A-4ECC-AC91-1117F02AD3F0}
	EndGlobalSection
EndGlobal
