
Microsoft Visual Studio Solution File, Format Version 12.00
# Visual Studio Version 16
VisualStudioVersion = 16.0.31729.503
MinimumVisualStudioVersion = 10.0.40219.1
Project("{FAE04EC0-301F-11D3-BF4B-00C04F79EFBC}") = "pizzeria.Android", "pizzeria.Android\pizzeria.Android.csproj", "{73800C6C-43AB-4C83-A73D-4B6677CAE9D0}"
EndProject
Project("{FAE04EC0-301F-11D3-BF4B-00C04F79EFBC}") = "pizzeria", "pizzeria\pizzeria.csproj", "{C3FC1E27-9977-4F97-843A-C7ED9A4B90FA}"
EndProject
Global
	GlobalSection(SolutionConfigurationPlatforms) = preSolution
		Debug|Any CPU = Debug|Any CPU
		Release|Any CPU = Release|Any CPU
	EndGlobalSection
	GlobalSection(ProjectConfigurationPlatforms) = postSolution
		{73800C6C-43AB-4C83-A73D-4B6677CAE9D0}.Debug|Any CPU.ActiveCfg = Debug|Any CPU
		{73800C6C-43AB-4C83-A73D-4B6677CAE9D0}.Debug|Any CPU.Build.0 = Debug|Any CPU
		{73800C6C-43AB-4C83-A73D-4B6677CAE9D0}.Debug|Any CPU.Deploy.0 = Debug|Any CPU
		{73800C6C-43AB-4C83-A73D-4B6677CAE9D0}.Release|Any CPU.ActiveCfg = Release|Any CPU
		{73800C6C-43AB-4C83-A73D-4B6677CAE9D0}.Release|Any CPU.Build.0 = Release|Any CPU
		{73800C6C-43AB-4C83-A73D-4B6677CAE9D0}.Release|Any CPU.Deploy.0 = Release|Any CPU
		{C3FC1E27-9977-4F97-843A-C7ED9A4B90FA}.Debug|Any CPU.ActiveCfg = Debug|Any CPU
		{C3FC1E27-9977-4F97-843A-C7ED9A4B90FA}.Debug|Any CPU.Build.0 = Debug|Any CPU
		{C3FC1E27-9977-4F97-843A-C7ED9A4B90FA}.Debug|Any CPU.Deploy.0 = Debug|Any CPU
		{C3FC1E27-9977-4F97-843A-C7ED9A4B90FA}.Release|Any CPU.ActiveCfg = Release|Any CPU
		{C3FC1E27-9977-4F97-843A-C7ED9A4B90FA}.Release|Any CPU.Build.0 = Release|Any CPU
		{C3FC1E27-9977-4F97-843A-C7ED9A4B90FA}.Release|Any CPU.Deploy.0 = Release|Any CPU
	EndGlobalSection
	GlobalSection(SolutionProperties) = preSolution
		HideSolutionNode = FALSE
	EndGlobalSection
	GlobalSection(ExtensibilityGlobals) = postSolution
		SolutionGuid = {F4FFC240-C82F-4095-B510-2BED9D099472}
	EndGlobalSection
EndGlobal
